
Microsoft Visual Studio Solution File, Format Version 12.00
# Visual Studio Version 17
VisualStudioVersion = 17.3.32819.101
MinimumVisualStudioVersion = 10.0.40219.1
Project("{FAE04EC0-301F-11D3-BF4B-00C04F79EFBC}") = "Tiendita", "Tiendita\Tiendita.csproj", "{470E3455-35AC-49F0-A63D-1883A6B35456}"
EndProject
Global
	GlobalSection(SolutionConfigurationPlatforms) = preSolution
		Debug|Any CPU = Debug|Any CPU
		Release|Any CPU = Release|Any CPU
	EndGlobalSection
	GlobalSection(ProjectConfigurationPlatforms) = postSolution
		{470E3455-35AC-49F0-A63D-1883A6B35456}.Debug|Any CPU.ActiveCfg = Debug|Any CPU
		{470E3455-35AC-49F0-A63D-1883A6B35456}.Debug|Any CPU.Build.0 = Debug|Any CPU
		{470E3455-35AC-49F0-A63D-1883A6B35456}.Release|Any CPU.ActiveCfg = Release|Any CPU
		{470E3455-35AC-49F0-A63D-1883A6B35456}.Release|Any CPU.Build.0 = Release|Any CPU
	EndGlobalSection
	GlobalSection(SolutionProperties) = preSolution
		HideSolutionNode = FALSE
	EndGlobalSection
	GlobalSection(ExtensibilityGlobals) = postSolution
		SolutionGuid = {DBD10317-E3AB-4F1B-9890-FF9F9024A4CC}
	EndGlobalSection
EndGlobal
